
Microsoft Visual Studio Solution File, Format Version 12.00
# Visual Studio 2012
Project("{FAE04EC0-301F-11D3-BF4B-00C04F79EFBC}") = "Infodinamica.Framework.Core", "Infodinamica.Framework.Core\Infodinamica.Framework.Core.csproj", "{CB8B5637-03FC-4CF3-BDD8-324712592969}"
EndProject
Project("{FAE04EC0-301F-11D3-BF4B-00C04F79EFBC}") = "Infodinamica.Framework.Test", "Infodinamica.Framework.Test\Infodinamica.Framework.Test.csproj", "{FB1728EB-3CF2-4102-A180-5B93361A5ED6}"
EndProject
Global
	GlobalSection(SolutionConfigurationPlatforms) = preSolution
		Debug|Any CPU = Debug|Any CPU
		Release|Any CPU = Release|Any CPU
	EndGlobalSection
	GlobalSection(ProjectConfigurationPlatforms) = postSolution
		{CB8B5637-03FC-4CF3-BDD8-324712592969}.Debug|Any CPU.ActiveCfg = Debug|Any CPU
		{CB8B5637-03FC-4CF3-BDD8-324712592969}.Debug|Any CPU.Build.0 = Debug|Any CPU
		{CB8B5637-03FC-4CF3-BDD8-324712592969}.Release|Any CPU.ActiveCfg = Release|Any CPU
		{CB8B5637-03FC-4CF3-BDD8-324712592969}.Release|Any CPU.Build.0 = Release|Any CPU
		{FB1728EB-3CF2-4102-A180-5B93361A5ED6}.Debug|Any CPU.ActiveCfg = Debug|Any CPU
		{FB1728EB-3CF2-4102-A180-5B93361A5ED6}.Debug|Any CPU.Build.0 = Debug|Any CPU
		{FB1728EB-3CF2-4102-A180-5B93361A5ED6}.Release|Any CPU.ActiveCfg = Release|Any CPU
		{FB1728EB-3CF2-4102-A180-5B93361A5ED6}.Release|Any CPU.Build.0 = Release|Any CPU
	EndGlobalSection
	GlobalSection(SolutionProperties) = preSolution
		HideSolutionNode = FALSE
	EndGlobalSection
EndGlobal
